// !$*UTF8*$!
{
	archiveVersion = 1;
	classes = {
	};
	objectVersion = 46;
	objects = {

/* Begin PBXBuildFile section */
		04D82EC91B0325D600BD4BD2 /* main.m in Sources */ = {isa = PBXBuildFile; fileRef = 04D82EC81B0325D600BD4BD2 /* main.m */; };
		04D82ECC1B0325D600BD4BD2 /* AppDelegate.m in Sources */ = {isa = PBXBuildFile; fileRef = 04D82ECB1B0325D600BD4BD2 /* AppDelegate.m */; };
		04D82ECF1B0325D600BD4BD2 /* ViewController.m in Sources */ = {isa = PBXBuildFile; fileRef = 04D82ECE1B0325D600BD4BD2 /* ViewController.m */; };
		04D82ED21B0325D600BD4BD2 /* Main.storyboard in Resources */ = {isa = PBXBuildFile; fileRef = 04D82ED01B0325D600BD4BD2 /* Main.storyboard */; };
		04D82ED41B0325D600BD4BD2 /* Images.xcassets in Resources */ = {isa = PBXBuildFile; fileRef = 04D82ED31B0325D600BD4BD2 /* Images.xcassets */; };
		04D82ED71B0325D600BD4BD2 /* LaunchScreen.xib in Resources */ = {isa = PBXBuildFile; fileRef = 04D82ED51B0325D600BD4BD2 /* LaunchScreen.xib */; };
		04D82EE31B0325D600BD4BD2 /* CreateQRImageTests.m in Sources */ = {isa = PBXBuildFile; fileRef = 04D82EE21B0325D600BD4BD2 /* CreateQRImageTests.m */; };
		04D82EFF1B0325F300BD4BD2 /* bitstream.c in Sources */ = {isa = PBXBuildFile; fileRef = 04D82EEF1B0325F300BD4BD2 /* bitstream.c */; };
		04D82F001B0325F300BD4BD2 /* mask.c in Sources */ = {isa = PBXBuildFile; fileRef = 04D82EF11B0325F300BD4BD2 /* mask.c */; };
		04D82F011B0325F300BD4BD2 /* qrencode.c in Sources */ = {isa = PBXBuildFile; fileRef = 04D82EF31B0325F300BD4BD2 /* qrencode.c */; };
		04D82F021B0325F300BD4BD2 /* qrinput.c in Sources */ = {isa = PBXBuildFile; fileRef = 04D82EF51B0325F300BD4BD2 /* qrinput.c */; };
		04D82F031B0325F300BD4BD2 /* qrspec.c in Sources */ = {isa = PBXBuildFile; fileRef = 04D82EF71B0325F300BD4BD2 /* qrspec.c */; };
		04D82F041B0325F300BD4BD2 /* rscode.c in Sources */ = {isa = PBXBuildFile; fileRef = 04D82EF91B0325F300BD4BD2 /* rscode.c */; };
		04D82F051B0325F300BD4BD2 /* split.c in Sources */ = {isa = PBXBuildFile; fileRef = 04D82EFB1B0325F300BD4BD2 /* split.c */; };
		04D82F061B0325F300BD4BD2 /* QRCodeGenerator.m in Sources */ = {isa = PBXBuildFile; fileRef = 04D82EFE1B0325F300BD4BD2 /* QRCodeGenerator.m */; };
		04D82F081B03350C00BD4BD2 /* icon_pay_qi@2x.png in Resources */ = {isa = PBXBuildFile; fileRef = 04D82F071B03350C00BD4BD2 /* icon_pay_qi@2x.png */; };
/* End PBXBuildFile section */

/* Begin PBXContainerItemProxy section */
		04D82EDD1B0325D600BD4BD2 /* PBXContainerItemProxy */ = {
			isa = PBXContainerItemProxy;
			containerPortal = 04D82EBB1B0325D600BD4BD2 /* Project object */;
			proxyType = 1;
			remoteGlobalIDString = 04D82EC21B0325D600BD4BD2;
			remoteInfo = CreateQRImage;
		};
/* End PBXContainerItemProxy section */

/* Begin PBXFileReference section */
		04D82EC31B0325D600BD4BD2 /* CreateQRImage.app */ = {isa = PBXFileReference; explicitFileType = wrapper.application; includeInIndex = 0; path = CreateQRImage.app; sourceTree = BUILT_PRODUCTS_DIR; };
		04D82EC71B0325D600BD4BD2 /* Info.plist */ = {isa = PBXFileReference; lastKnownFileType = text.plist.xml; path = Info.plist; sourceTree = "<group>"; };
		04D82EC81B0325D600BD4BD2 /* main.m */ = {isa = PBXFileReference; lastKnownFileType = sourcecode.c.objc; path = main.m; sourceTree = "<group>"; };
		04D82ECA1B0325D600BD4BD2 /* AppDelegate.h */ = {isa = PBXFileReference; lastKnownFileType = sourcecode.c.h; path = AppDelegate.h; sourceTree = "<group>"; };
		04D82ECB1B0325D600BD4BD2 /* AppDelegate.m */ = {isa = PBXFileReference; lastKnownFileType = sourcecode.c.objc; path = AppDelegate.m; sourceTree = "<group>"; };
		04D82ECD1B0325D600BD4BD2 /* ViewController.h */ = {isa = PBXFileReference; lastKnownFileType = sourcecode.c.h; path = ViewController.h; sourceTree = "<group>"; };
		04D82ECE1B0325D600BD4BD2 /* ViewController.m */ = {isa = PBXFileReference; lastKnownFileType = sourcecode.c.objc; path = ViewController.m; sourceTree = "<group>"; };
		04D82ED11B0325D600BD4BD2 /* Base */ = {isa = PBXFileReference; lastKnownFileType = file.storyboard; name = Base; path = Base.lproj/Main.storyboard; sourceTree = "<group>"; };
		04D82ED31B0325D600BD4BD2 /* Images.xcassets */ = {isa = PBXFileReference; lastKnownFileType = folder.assetcatalog; path = Images.xcassets; sourceTree = "<group>"; };
		04D82ED61B0325D600BD4BD2 /* Base */ = {isa = PBXFileReference; lastKnownFileType = file.xib; name = Base; path = Base.lproj/LaunchScreen.xib; sourceTree = "<group>"; };
		04D82EDC1B0325D600BD4BD2 /* CreateQRImageTests.xctest */ = {isa = PBXFileReference; explicitFileType = wrapper.cfbundle; includeInIndex = 0; path = CreateQRImageTests.xctest; sourceTree = BUILT_PRODUCTS_DIR; };
		04D82EE11B0325D600BD4BD2 /* Info.plist */ = {isa = PBXFileReference; lastKnownFileType = text.plist.xml; path = Info.plist; sourceTree = "<group>"; };
		04D82EE21B0325D600BD4BD2 /* CreateQRImageTests.m */ = {isa = PBXFileReference; lastKnownFileType = sourcecode.c.objc; path = CreateQRImageTests.m; sourceTree = "<group>"; };
		04D82EEF1B0325F300BD4BD2 /* bitstream.c */ = {isa = PBXFileReference; fileEncoding = 4; lastKnownFileType = sourcecode.c.c; path = bitstream.c; sourceTree = "<group>"; };
		04D82EF01B0325F300BD4BD2 /* bitstream.h */ = {isa = PBXFileReference; fileEncoding = 4; lastKnownFileType = sourcecode.c.h; path = bitstream.h; sourceTree = "<group>"; };
		04D82EF11B0325F300BD4BD2 /* mask.c */ = {isa = PBXFileReference; fileEncoding = 4; lastKnownFileType = sourcecode.c.c; path = mask.c; sourceTree = "<group>"; };
		04D82EF21B0325F300BD4BD2 /* mask.h */ = {isa = PBXFileReference; fileEncoding = 4; lastKnownFileType = sourcecode.c.h; path = mask.h; sourceTree = "<group>"; };
		04D82EF31B0325F300BD4BD2 /* qrencode.c */ = {isa = PBXFileReference; fileEncoding = 4; lastKnownFileType = sourcecode.c.c; path = qrencode.c; sourceTree = "<group>"; };
		04D82EF41B0325F300BD4BD2 /* qrencode.h */ = {isa = PBXFileReference; fileEncoding = 4; lastKnownFileType = sourcecode.c.h; path = qrencode.h; sourceTree = "<group>"; };
		04D82EF51B0325F300BD4BD2 /* qrinput.c */ = {isa = PBXFileReference; fileEncoding = 4; lastKnownFileType = sourcecode.c.c; path = qrinput.c; sourceTree = "<group>"; };
		04D82EF61B0325F300BD4BD2 /* qrinput.h */ = {isa = PBXFileReference; fileEncoding = 4; lastKnownFileType = sourcecode.c.h; path = qrinput.h; sourceTree = "<group>"; };
		04D82EF71B0325F300BD4BD2 /* qrspec.c */ = {isa = PBXFileReference; fileEncoding = 4; lastKnownFileType = sourcecode.c.c; path = qrspec.c; sourceTree = "<group>"; };
		04D82EF81B0325F300BD4BD2 /* qrspec.h */ = {isa = PBXFileReference; fileEncoding = 4; lastKnownFileType = sourcecode.c.h; path = qrspec.h; sourceTree = "<group>"; };
		04D82EF91B0325F300BD4BD2 /* rscode.c */ = {isa = PBXFileReference; fileEncoding = 4; lastKnownFileType = sourcecode.c.c; path = rscode.c; sourceTree = "<group>"; };
		04D82EFA1B0325F300BD4BD2 /* rscode.h */ = {isa = PBXFileReference; fileEncoding = 4; lastKnownFileType = sourcecode.c.h; path = rscode.h; sourceTree = "<group>"; };
		04D82EFB1B0325F300BD4BD2 /* split.c */ = {isa = PBXFileReference; fileEncoding = 4; lastKnownFileType = sourcecode.c.c; path = split.c; sourceTree = "<group>"; };
		04D82EFC1B0325F300BD4BD2 /* split.h */ = {isa = PBXFileReference; fileEncoding = 4; lastKnownFileType = sourcecode.c.h; path = split.h; sourceTree = "<group>"; };
		04D82EFD1B0325F300BD4BD2 /* QRCodeGenerator.h */ = {isa = PBXFileReference; fileEncoding = 4; lastKnownFileType = sourcecode.c.h; path = QRCodeGenerator.h; sourceTree = "<group>"; };
		04D82EFE1B0325F300BD4BD2 /* QRCodeGenerator.m */ = {isa = PBXFileReference; fileEncoding = 4; lastKnownFileType = sourcecode.c.objc; path = QRCodeGenerator.m; sourceTree = "<group>"; };
		04D82F071B03350C00BD4BD2 /* icon_pay_qi@2x.png */ = {isa = PBXFileReference; lastKnownFileType = image.png; path = "icon_pay_qi@2x.png"; sourceTree = "<group>"; };
/* End PBXFileReference section */

/* Begin PBXFrameworksBuildPhase section */
		04D82EC01B0325D600BD4BD2 /* Frameworks */ = {
			isa = PBXFrameworksBuildPhase;
			buildActionMask = 2147483647;
			files = (
			);
			runOnlyForDeploymentPostprocessing = 0;
		};
		04D82ED91B0325D600BD4BD2 /* Frameworks */ = {
			isa = PBXFrameworksBuildPhase;
			buildActionMask = 2147483647;
			files = (
			);
			runOnlyForDeploymentPostprocessing = 0;
		};
/* End PBXFrameworksBuildPhase section */

/* Begin PBXGroup section */
		04D82EBA1B0325D600BD4BD2 = {
			isa = PBXGroup;
			children = (
				04D82EC51B0325D600BD4BD2 /* CreateQRImage */,
				04D82EDF1B0325D600BD4BD2 /* CreateQRImageTests */,
				04D82EC41B0325D600BD4BD2 /* Products */,
			);
			sourceTree = "<group>";
		};
		04D82EC41B0325D600BD4BD2 /* Products */ = {
			isa = PBXGroup;
			children = (
				04D82EC31B0325D600BD4BD2 /* CreateQRImage.app */,
				04D82EDC1B0325D600BD4BD2 /* CreateQRImageTests.xctest */,
			);
			name = Products;
			sourceTree = "<group>";
		};
		04D82EC51B0325D600BD4BD2 /* CreateQRImage */ = {
			isa = PBXGroup;
			children = (
				04D82EED1B0325F300BD4BD2 /* CreateQRImage */,
				04D82ECA1B0325D600BD4BD2 /* AppDelegate.h */,
				04D82ECB1B0325D600BD4BD2 /* AppDelegate.m */,
				04D82ECD1B0325D600BD4BD2 /* ViewController.h */,
				04D82ECE1B0325D600BD4BD2 /* ViewController.m */,
				04D82ED01B0325D600BD4BD2 /* Main.storyboard */,
				04D82F071B03350C00BD4BD2 /* icon_pay_qi@2x.png */,
				04D82ED31B0325D600BD4BD2 /* Images.xcassets */,
				04D82ED51B0325D600BD4BD2 /* LaunchScreen.xib */,
				04D82EC61B0325D600BD4BD2 /* Supporting Files */,
			);
			path = CreateQRImage;
			sourceTree = "<group>";
		};
		04D82EC61B0325D600BD4BD2 /* Supporting Files */ = {
			isa = PBXGroup;
			children = (
				04D82EC71B0325D600BD4BD2 /* Info.plist */,
				04D82EC81B0325D600BD4BD2 /* main.m */,
			);
			name = "Supporting Files";
			sourceTree = "<group>";
		};
		04D82EDF1B0325D600BD4BD2 /* CreateQRImageTests */ = {
			isa = PBXGroup;
			children = (
				04D82EE21B0325D600BD4BD2 /* CreateQRImageTests.m */,
				04D82EE01B0325D600BD4BD2 /* Supporting Files */,
			);
			path = CreateQRImageTests;
			sourceTree = "<group>";
		};
		04D82EE01B0325D600BD4BD2 /* Supporting Files */ = {
			isa = PBXGroup;
			children = (
				04D82EE11B0325D600BD4BD2 /* Info.plist */,
			);
			name = "Supporting Files";
			sourceTree = "<group>";
		};
		04D82EED1B0325F300BD4BD2 /* CreateQRImage */ = {
			isa = PBXGroup;
			children = (
				04D82EEE1B0325F300BD4BD2 /* libqrencode */,
				04D82EFD1B0325F300BD4BD2 /* QRCodeGenerator.h */,
				04D82EFE1B0325F300BD4BD2 /* QRCodeGenerator.m */,
			);
			path = CreateQRImage;
			sourceTree = "<group>";
		};
		04D82EEE1B0325F300BD4BD2 /* libqrencode */ = {
			isa = PBXGroup;
			children = (
				04D82EEF1B0325F300BD4BD2 /* bitstream.c */,
				04D82EF01B0325F300BD4BD2 /* bitstream.h */,
				04D82EF11B0325F300BD4BD2 /* mask.c */,
				04D82EF21B0325F300BD4BD2 /* mask.h */,
				04D82EF31B0325F300BD4BD2 /* qrencode.c */,
				04D82EF41B0325F300BD4BD2 /* qrencode.h */,
				04D82EF51B0325F300BD4BD2 /* qrinput.c */,
				04D82EF61B0325F300BD4BD2 /* qrinput.h */,
				04D82EF71B0325F300BD4BD2 /* qrspec.c */,
				04D82EF81B0325F300BD4BD2 /* qrspec.h */,
				04D82EF91B0325F300BD4BD2 /* rscode.c */,
				04D82EFA1B0325F300BD4BD2 /* rscode.h */,
				04D82EFB1B0325F300BD4BD2 /* split.c */,
				04D82EFC1B0325F300BD4BD2 /* split.h */,
			);
			path = libqrencode;
			sourceTree = "<group>";
		};
/* End PBXGroup section */

/* Begin PBXNativeTarget section */
		04D82EC21B0325D600BD4BD2 /* CreateQRImage */ = {
			isa = PBXNativeTarget;
			buildConfigurationList = 04D82EE61B0325D600BD4BD2 /* Build configuration list for PBXNativeTarget "CreateQRImage" */;
			buildPhases = (
				04D82EBF1B0325D600BD4BD2 /* Sources */,
				04D82EC01B0325D600BD4BD2 /* Frameworks */,
				04D82EC11B0325D600BD4BD2 /* Resources */,
			);
			buildRules = (
			);
			dependencies = (
			);
			name = CreateQRImage;
			productName = CreateQRImage;
			productReference = 04D82EC31B0325D600BD4BD2 /* CreateQRImage.app */;
			productType = "com.apple.product-type.application";
		};
		04D82EDB1B0325D600BD4BD2 /* CreateQRImageTests */ = {
			isa = PBXNativeTarget;
			buildConfigurationList = 04D82EE91B0325D600BD4BD2 /* Build configuration list for PBXNativeTarget "CreateQRImageTests" */;
			buildPhases = (
				04D82ED81B0325D600BD4BD2 /* Sources */,
				04D82ED91B0325D600BD4BD2 /* Frameworks */,
				04D82EDA1B0325D600BD4BD2 /* Resources */,
			);
			buildRules = (
			);
			dependencies = (
				04D82EDE1B0325D600BD4BD2 /* PBXTargetDependency */,
			);
			name = CreateQRImageTests;
			productName = CreateQRImageTests;
			productReference = 04D82EDC1B0325D600BD4BD2 /* CreateQRImageTests.xctest */;
			productType = "com.apple.product-type.bundle.unit-test";
		};
/* End PBXNativeTarget section */

/* Begin PBXProject section */
		04D82EBB1B0325D600BD4BD2 /* Project object */ = {
			isa = PBXProject;
			attributes = {
				LastUpgradeCheck = 0610;
				ORGANIZATIONNAME = wmeng;
				TargetAttributes = {
					04D82EC21B0325D600BD4BD2 = {
						CreatedOnToolsVersion = 6.1;
					};
					04D82EDB1B0325D600BD4BD2 = {
						CreatedOnToolsVersion = 6.1;
						TestTargetID = 04D82EC21B0325D600BD4BD2;
					};
				};
			};
			buildConfigurationList = 04D82EBE1B0325D600BD4BD2 /* Build configuration list for PBXProject "CreateQRImage" */;
			compatibilityVersion = "Xcode 3.2";
			developmentRegion = English;
			hasScannedForEncodings = 0;
			knownRegions = (
				en,
				Base,
			);
			mainGroup = 04D82EBA1B0325D600BD4BD2;
			productRefGroup = 04D82EC41B0325D600BD4BD2 /* Products */;
			projectDirPath = "";
			projectRoot = "";
			targets = (
				04D82EC21B0325D600BD4BD2 /* CreateQRImage */,
				04D82EDB1B0325D600BD4BD2 /* CreateQRImageTests */,
			);
		};
/* End PBXProject section */

/* Begin PBXResourcesBuildPhase section */
		04D82EC11B0325D600BD4BD2 /* Resources */ = {
			isa = PBXResourcesBuildPhase;
			buildActionMask = 2147483647;
			files = (
				04D82ED21B0325D600BD4BD2 /* Main.storyboard in Resources */,
				04D82ED71B0325D600BD4BD2 /* LaunchScreen.xib in Resources */,
				04D82ED41B0325D600BD4BD2 /* Images.xcassets in Resources */,
				04D82F081B03350C00BD4BD2 /* icon_pay_qi@2x.png in Resources */,
			);
			runOnlyForDeploymentPostprocessing = 0;
		};
		04D82EDA1B0325D600BD4BD2 /* Resources */ = {
			isa = PBXResourcesBuildPhase;
			buildActionMask = 2147483647;
			files = (
			);
			runOnlyForDeploymentPostprocessing = 0;
		};
/* End PBXResourcesBuildPhase section */

/* Begin PBXSourcesBuildPhase section */
		04D82EBF1B0325D600BD4BD2 /* Sources */ = {
			isa = PBXSourcesBuildPhase;
			buildActionMask = 2147483647;
			files = (
				04D82F011B0325F300BD4BD2 /* qrencode.c in Sources */,
				04D82F021B0325F300BD4BD2 /* qrinput.c in Sources */,
				04D82F001B0325F300BD4BD2 /* mask.c in Sources */,
				04D82ECF1B0325D600BD4BD2 /* ViewController.m in Sources */,
				04D82F041B0325F300BD4BD2 /* rscode.c in Sources */,
				04D82ECC1B0325D600BD4BD2 /* AppDelegate.m in Sources */,
				04D82EC91B0325D600BD4BD2 /* main.m in Sources */,
				04D82EFF1B0325F300BD4BD2 /* bitstream.c in Sources */,
				04D82F051B0325F300BD4BD2 /* split.c in Sources */,
				04D82F061B0325F300BD4BD2 /* QRCodeGenerator.m in Sources */,
				04D82F031B0325F300BD4BD2 /* qrspec.c in Sources */,
			);
			runOnlyForDeploymentPostprocessing = 0;
		};
		04D82ED81B0325D600BD4BD2 /* Sources */ = {
			isa = PBXSourcesBuildPhase;
			buildActionMask = 2147483647;
			files = (
				04D82EE31B0325D600BD4BD2 /* CreateQRImageTests.m in Sources */,
			);
			runOnlyForDeploymentPostprocessing = 0;
		};
/* End PBXSourcesBuildPhase section */

/* Begin PBXTargetDependency section */
		04D82EDE1B0325D600BD4BD2 /* PBXTargetDependency */ = {
			isa = PBXTargetDependency;
			target = 04D82EC21B0325D600BD4BD2 /* CreateQRImage */;
			targetProxy = 04D82EDD1B0325D600BD4BD2 /* PBXContainerItemProxy */;
		};
/* End PBXTargetDependency section */

/* Begin PBXVariantGroup section */
		04D82ED01B0325D600BD4BD2 /* Main.storyboard */ = {
			isa = PBXVariantGroup;
			children = (
				04D82ED11B0325D600BD4BD2 /* Base */,
			);
			name = Main.storyboard;
			sourceTree = "<group>";
		};
		04D82ED51B0325D600BD4BD2 /* LaunchScreen.xib */ = {
			isa = PBXVariantGroup;
			children = (
				04D82ED61B0325D600BD4BD2 /* Base */,
			);
			name = LaunchScreen.xib;
			sourceTree = "<group>";
		};
/* End PBXVariantGroup section */

/* Begin XCBuildConfiguration section */
		04D82EE41B0325D600BD4BD2 /* Debug */ = {
			isa = XCBuildConfiguration;
			buildSettings = {
				ALWAYS_SEARCH_USER_PATHS = NO;
				CLANG_CXX_LANGUAGE_STANDARD = "gnu++0x";
				CLANG_CXX_LIBRARY = "libc++";
				CLANG_ENABLE_MODULES = YES;
				CLANG_ENABLE_OBJC_ARC = YES;
				CLANG_WARN_BOOL_CONVERSION = YES;
				CLANG_WARN_CONSTANT_CONVERSION = YES;
				CLANG_WARN_DIRECT_OBJC_ISA_USAGE = YES_ERROR;
				CLANG_WARN_EMPTY_BODY = YES;
				CLANG_WARN_ENUM_CONVERSION = YES;
				CLANG_WARN_INT_CONVERSION = YES;
				CLANG_WARN_OBJC_ROOT_CLASS = YES_ERROR;
				CLANG_WARN_UNREACHABLE_CODE = YES;
				CLANG_WARN__DUPLICATE_METHOD_MATCH = YES;
				"CODE_SIGN_IDENTITY[sdk=iphoneos*]" = "iPhone Developer";
				COPY_PHASE_STRIP = NO;
				ENABLE_STRICT_OBJC_MSGSEND = YES;
				GCC_C_LANGUAGE_STANDARD = gnu99;
				GCC_DYNAMIC_NO_PIC = NO;
				GCC_OPTIMIZATION_LEVEL = 0;
				GCC_PREPROCESSOR_DEFINITIONS = (
					"DEBUG=1",
					"$(inherited)",
				);
				GCC_SYMBOLS_PRIVATE_EXTERN = NO;
				GCC_WARN_64_TO_32_BIT_CONVERSION = YES;
				GCC_WARN_ABOUT_RETURN_TYPE = YES_ERROR;
				GCC_WARN_UNDECLARED_SELECTOR = YES;
				GCC_WARN_UNINITIALIZED_AUTOS = YES_AGGRESSIVE;
				GCC_WARN_UNUSED_FUNCTION = YES;
				GCC_WARN_UNUSED_VARIABLE = YES;
				IPHONEOS_DEPLOYMENT_TARGET = 8.1;
				MTL_ENABLE_DEBUG_INFO = YES;
				ONLY_ACTIVE_ARCH = YES;
				SDKROOT = iphoneos;
			};
			name = Debug;
		};
		04D82EE51B0325D600BD4BD2 /* Release */ = {
			isa = XCBuildConfiguration;
			buildSettings = {
				ALWAYS_SEARCH_USER_PATHS = NO;
				CLANG_CXX_LANGUAGE_STANDARD = "gnu++0x";
				CLANG_CXX_LIBRARY = "libc++";
				CLANG_ENABLE_MODULES = YES;
				CLANG_ENABLE_OBJC_ARC = YES;
				CLANG_WARN_BOOL_CONVERSION = YES;
				CLANG_WARN_CONSTANT_CONVERSION = YES;
				CLANG_WARN_DIRECT_OBJC_ISA_USAGE = YES_ERROR;
				CLANG_WARN_EMPTY_BODY = YES;
				CLANG_WARN_ENUM_CONVERSION = YES;
				CLANG_WARN_INT_CONVERSION = YES;
				CLANG_WARN_OBJC_ROOT_CLASS = YES_ERROR;
				CLANG_WARN_UNREACHABLE_CODE = YES;
				CLANG_WARN__DUPLICATE_METHOD_MATCH = YES;
				"CODE_SIGN_IDENTITY[sdk=iphoneos*]" = "iPhone Developer";
				COPY_PHASE_STRIP = YES;
				ENABLE_NS_ASSERTIONS = NO;
				ENABLE_STRICT_OBJC_MSGSEND = YES;
				GCC_C_LANGUAGE_STANDARD = gnu99;
				GCC_WARN_64_TO_32_BIT_CONVERSION = YES;
				GCC_WARN_ABOUT_RETURN_TYPE = YES_ERROR;
				GCC_WARN_UNDECLARED_SELECTOR = YES;
				GCC_WARN_UNINITIALIZED_AUTOS = YES_AGGRESSIVE;
				GCC_WARN_UNUSED_FUNCTION = YES;
				GCC_WARN_UNUSED_VARIABLE = YES;
				IPHONEOS_DEPLOYMENT_TARGET = 8.1;
				MTL_ENABLE_DEBUG_INFO = NO;
				SDKROOT = iphoneos;
				VALIDATE_PRODUCT = YES;
			};
			name = Release;
		};
		04D82EE71B0325D600BD4BD2 /* Debug */ = {
			isa = XCBuildConfiguration;
			buildSettings = {
				ASSETCATALOG_COMPILER_APPICON_NAME = AppIcon;
				INFOPLIST_FILE = CreateQRImage/Info.plist;
				IPHONEOS_DEPLOYMENT_TARGET = 8.0;
				LD_RUNPATH_SEARCH_PATHS = "$(inherited) @executable_path/Frameworks";
				PRODUCT_NAME = "$(TARGET_NAME)";
			};
			name = Debug;
		};
		04D82EE81B0325D600BD4BD2 /* Release */ = {
			isa = XCBuildConfiguration;
			buildSettings = {
				ASSETCATALOG_COMPILER_APPICON_NAME = AppIcon;
				INFOPLIST_FILE = CreateQRImage/Info.plist;
				IPHONEOS_DEPLOYMENT_TARGET = 8.0;
				LD_RUNPATH_SEARCH_PATHS = "$(inherited) @executable_path/Frameworks";
				PRODUCT_NAME = "$(TARGET_NAME)";
			};
			name = Release;
		};
		04D82EEA1B0325D600BD4BD2 /* Debug */ = {
			isa = XCBuildConfiguration;
			buildSettings = {
				BUNDLE_LOADER = "$(TEST_HOST)";
				FRAMEWORK_SEARCH_PATHS = (
					"$(SDKROOT)/Developer/Library/Frameworks",
					"$(inherited)",
				);
				GCC_PREPROCESSOR_DEFINITIONS = (
					"DEBUG=1",
					"$(inherited)",
				);
				INFOPLIST_FILE = CreateQRImageTests/Info.plist;
				LD_RUNPATH_SEARCH_PATHS = "$(inherited) @executable_path/Frameworks @loader_path/Frameworks";
				PRODUCT_NAME = "$(TARGET_NAME)";
				TEST_HOST = "$(BUILT_PRODUCTS_DIR)/CreateQRImage.app/CreateQRImage";
			};
			name = Debug;
		};
		04D82EEB1B0325D600BD4BD2 /* Release */ = {
			isa = XCBuildConfiguration;
			buildSettings = {
				BUNDLE_LOADER = "$(TEST_HOST)";
				FRAMEWORK_SEARCH_PATHS = (
					"$(SDKROOT)/Developer/Library/Frameworks",
					"$(inherited)",
				);
				INFOPLIST_FILE = CreateQRImageTests/Info.plist;
				LD_RUNPATH_SEARCH_PATHS = "$(inherited) @executable_path/Frameworks @loader_path/Frameworks";
				PRODUCT_NAME = "$(TARGET_NAME)";
				TEST_HOST = "$(BUILT_PRODUCTS_DIR)/CreateQRImage.app/CreateQRImage";
			};
			name = Release;
		};
/* End XCBuildConfiguration section */

/* Begin XCConfigurationList section */
		04D82EBE1B0325D600BD4BD2 /* Build configuration list for PBXProject "CreateQRImage" */ = {
			isa = XCConfigurationList;
			buildConfigurations = (
				04D82EE41B0325D600BD4BD2 /* Debug */,
				04D82EE51B0325D600BD4BD2 /* Release */,
			);
			defaultConfigurationIsVisible = 0;
			defaultConfigurationName = Release;
		};
		04D82EE61B0325D600BD4BD2 /* Build configuration list for PBXNativeTarget "CreateQRImage" */ = {
			isa = XCConfigurationList;
			buildConfigurations = (
				04D82EE71B0325D600BD4BD2 /* Debug */,
				04D82EE81B0325D600BD4BD2 /* Release */,
			);
			defaultConfigurationIsVisible = 0;
		};
		04D82EE91B0325D600BD4BD2 /* Build configuration list for PBXNativeTarget "CreateQRImageTests" */ = {
			isa = XCConfigurationList;
			buildConfigurations = (
				04D82EEA1B0325D600BD4BD2 /* Debug */,
				04D82EEB1B0325D600BD4BD2 /* Release */,
			);
			defaultConfigurationIsVisible = 0;
		};
/* End XCConfigurationList section */
	};
	rootObject = 04D82EBB1B0325D600BD4BD2 /* Project object */;
}
